
Microsoft Visual Studio Solution File, Format Version 12.00
# Visual Studio Version 16
VisualStudioVersion = 16.0.30717.126
MinimumVisualStudioVersion = 10.0.40219.1
Project("{9A19103F-16F7-4668-BE54-9A1E7A4F7556}") = "ProvaProgramacaoCSharp_v3", "ProvaProgramacaoCSharp_v3\ProvaProgramacaoCSharp_v3.csproj", "{126A04F0-1B6F-46EE-B915-2B499C639032}"
EndProject
Project("{FAE04EC0-301F-11D3-BF4B-00C04F79EFBC}") = "Desafio2", "Desafio2\Desafio2.csproj", "{FC6B6567-AC65-4B8A-B368-D73268621DDD}"
EndProject
Global
	GlobalSection(SolutionConfigurationPlatforms) = preSolution
		Debug|Any CPU = Debug|Any CPU
		Release|Any CPU = Release|Any CPU
	EndGlobalSection
	GlobalSection(ProjectConfigurationPlatforms) = postSolution
		{126A04F0-1B6F-46EE-B915-2B499C639032}.Debug|Any CPU.ActiveCfg = Debug|Any CPU
		{126A04F0-1B6F-46EE-B915-2B499C639032}.Debug|Any CPU.Build.0 = Debug|Any CPU
		{126A04F0-1B6F-46EE-B915-2B499C639032}.Release|Any CPU.ActiveCfg = Release|Any CPU
		{126A04F0-1B6F-46EE-B915-2B499C639032}.Release|Any CPU.Build.0 = Release|Any CPU
		{FC6B6567-AC65-4B8A-B368-D73268621DDD}.Debug|Any CPU.ActiveCfg = Debug|Any CPU
		{FC6B6567-AC65-4B8A-B368-D73268621DDD}.Debug|Any CPU.Build.0 = Debug|Any CPU
		{FC6B6567-AC65-4B8A-B368-D73268621DDD}.Release|Any CPU.ActiveCfg = Release|Any CPU
		{FC6B6567-AC65-4B8A-B368-D73268621DDD}.Release|Any CPU.Build.0 = Release|Any CPU
	EndGlobalSection
	GlobalSection(SolutionProperties) = preSolution
		HideSolutionNode = FALSE
	EndGlobalSection
	GlobalSection(ExtensibilityGlobals) = postSolution
		SolutionGuid = {80712075-13D3-4690-AD68-46DB5B76ED88}
	EndGlobalSection
EndGlobal
